// !$*UTF8*$!
{
	archiveVersion = 1;
	classes = {
	};
	objectVersion = 56;
	objects = {

/* Begin PBXBuildFile section */
		9FE943792D3AA66C003E8D28 /* AppDelegate.swift in Sources */ = {isa = PBXBuildFile; fileRef = 9FE943782D3AA66C003E8D28 /* AppDelegate.swift */; };
		9FE9437B2D3AA66C003E8D28 /* SceneDelegate.swift in Sources */ = {isa = PBXBuildFile; fileRef = 9FE9437A2D3AA66C003E8D28 /* SceneDelegate.swift */; };
		9FE9437D2D3AA66C003E8D28 /* MainViewController.swift in Sources */ = {isa = PBXBuildFile; fileRef = 9FE9437C2D3AA66C003E8D28 /* MainViewController.swift */; };
		9FE943802D3AA66C003E8D28 /* Base in Resources */ = {isa = PBXBuildFile; fileRef = 9FE9437F2D3AA66C003E8D28 /* Base */; };
		9FE943822D3AA66E003E8D28 /* Assets.xcassets in Resources */ = {isa = PBXBuildFile; fileRef = 9FE943812D3AA66E003E8D28 /* Assets.xcassets */; };
		9FE943852D3AA66E003E8D28 /* Base in Resources */ = {isa = PBXBuildFile; fileRef = 9FE943842D3AA66E003E8D28 /* Base */; };
		9FE9438D2D3AA853003E8D28 /* AppRouter.swift in Sources */ = {isa = PBXBuildFile; fileRef = 9FE9438C2D3AA853003E8D28 /* AppRouter.swift */; };
		9FE9438F2D3AA88D003E8D28 /* AuthService.swift in Sources */ = {isa = PBXBuildFile; fileRef = 9FE9438E2D3AA88D003E8D28 /* AuthService.swift */; };
		9FE943912D3AA924003E8D28 /* LoginRouter.swift in Sources */ = {isa = PBXBuildFile; fileRef = 9FE943902D3AA924003E8D28 /* LoginRouter.swift */; };
		9FE943932D3AA95A003E8D28 /* MainRouter.swift in Sources */ = {isa = PBXBuildFile; fileRef = 9FE943922D3AA95A003E8D28 /* MainRouter.swift */; };
		9FE943952D3AA99A003E8D28 /* LoginModuleFactory.swift in Sources */ = {isa = PBXBuildFile; fileRef = 9FE943942D3AA99A003E8D28 /* LoginModuleFactory.swift */; };
		9FE943992D3AAACB003E8D28 /* MainModuleFactory.swift in Sources */ = {isa = PBXBuildFile; fileRef = 9FE943982D3AAACB003E8D28 /* MainModuleFactory.swift */; };
		9FE9439C2D3AABD5003E8D28 /* LoginPresenter.swift in Sources */ = {isa = PBXBuildFile; fileRef = 9FE9439B2D3AABD5003E8D28 /* LoginPresenter.swift */; };
		9FE9439E2D3AAF23003E8D28 /* LoginViewController.swift in Sources */ = {isa = PBXBuildFile; fileRef = 9FE9439D2D3AAF23003E8D28 /* LoginViewController.swift */; };
		9FE943A12D3ADEB8003E8D28 /* MainPresenter.swift in Sources */ = {isa = PBXBuildFile; fileRef = 9FE943A02D3ADEB8003E8D28 /* MainPresenter.swift */; };
/* End PBXBuildFile section */

/* Begin PBXFileReference section */
		9FE943752D3AA66C003E8D28 /* sampleMVP.app */ = {isa = PBXFileReference; explicitFileType = wrapper.application; includeInIndex = 0; path = sampleMVP.app; sourceTree = BUILT_PRODUCTS_DIR; };
		9FE943782D3AA66C003E8D28 /* AppDelegate.swift */ = {isa = PBXFileReference; lastKnownFileType = sourcecode.swift; path = AppDelegate.swift; sourceTree = "<group>"; };
		9FE9437A2D3AA66C003E8D28 /* SceneDelegate.swift */ = {isa = PBXFileReference; lastKnownFileType = sourcecode.swift; path = SceneDelegate.swift; sourceTree = "<group>"; };
		9FE9437C2D3AA66C003E8D28 /* MainViewController.swift */ = {isa = PBXFileReference; lastKnownFileType = sourcecode.swift; path = MainViewController.swift; sourceTree = "<group>"; };
		9FE9437F2D3AA66C003E8D28 /* Base */ = {isa = PBXFileReference; lastKnownFileType = file.storyboard; name = Base; path = Base.lproj/Main.storyboard; sourceTree = "<group>"; };
		9FE943812D3AA66E003E8D28 /* Assets.xcassets */ = {isa = PBXFileReference; lastKnownFileType = folder.assetcatalog; path = Assets.xcassets; sourceTree = "<group>"; };
		9FE943842D3AA66E003E8D28 /* Base */ = {isa = PBXFileReference; lastKnownFileType = file.storyboard; name = Base; path = Base.lproj/LaunchScreen.storyboard; sourceTree = "<group>"; };
		9FE943862D3AA66E003E8D28 /* Info.plist */ = {isa = PBXFileReference; lastKnownFileType = text.plist.xml; path = Info.plist; sourceTree = "<group>"; };
		9FE9438C2D3AA853003E8D28 /* AppRouter.swift */ = {isa = PBXFileReference; lastKnownFileType = sourcecode.swift; path = AppRouter.swift; sourceTree = "<group>"; };
		9FE9438E2D3AA88D003E8D28 /* AuthService.swift */ = {isa = PBXFileReference; lastKnownFileType = sourcecode.swift; path = AuthService.swift; sourceTree = "<group>"; };
		9FE943902D3AA924003E8D28 /* LoginRouter.swift */ = {isa = PBXFileReference; lastKnownFileType = sourcecode.swift; path = LoginRouter.swift; sourceTree = "<group>"; };
		9FE943922D3AA95A003E8D28 /* MainRouter.swift */ = {isa = PBXFileReference; lastKnownFileType = sourcecode.swift; path = MainRouter.swift; sourceTree = "<group>"; };
		9FE943942D3AA99A003E8D28 /* LoginModuleFactory.swift */ = {isa = PBXFileReference; lastKnownFileType = sourcecode.swift; path = LoginModuleFactory.swift; sourceTree = "<group>"; };
		9FE943982D3AAACB003E8D28 /* MainModuleFactory.swift */ = {isa = PBXFileReference; lastKnownFileType = sourcecode.swift; path = MainModuleFactory.swift; sourceTree = "<group>"; };
		9FE9439B2D3AABD5003E8D28 /* LoginPresenter.swift */ = {isa = PBXFileReference; lastKnownFileType = sourcecode.swift; path = LoginPresenter.swift; sourceTree = "<group>"; };
		9FE9439D2D3AAF23003E8D28 /* LoginViewController.swift */ = {isa = PBXFileReference; lastKnownFileType = sourcecode.swift; path = LoginViewController.swift; sourceTree = "<group>"; };
		9FE943A02D3ADEB8003E8D28 /* MainPresenter.swift */ = {isa = PBXFileReference; lastKnownFileType = sourcecode.swift; path = MainPresenter.swift; sourceTree = "<group>"; };
/* End PBXFileReference section */

/* Begin PBXFrameworksBuildPhase section */
		9FE943722D3AA66C003E8D28 /* Frameworks */ = {
			isa = PBXFrameworksBuildPhase;
			buildActionMask = 2147483647;
			files = (
			);
			runOnlyForDeploymentPostprocessing = 0;
		};
/* End PBXFrameworksBuildPhase section */

/* Begin PBXGroup section */
		9FE9436C2D3AA66C003E8D28 = {
			isa = PBXGroup;
			children = (
				9FE943772D3AA66C003E8D28 /* sampleMVP */,
				9FE943762D3AA66C003E8D28 /* Products */,
			);
			sourceTree = "<group>";
		};
		9FE943762D3AA66C003E8D28 /* Products */ = {
			isa = PBXGroup;
			children = (
				9FE943752D3AA66C003E8D28 /* sampleMVP.app */,
			);
			name = Products;
			sourceTree = "<group>";
		};
		9FE943772D3AA66C003E8D28 /* sampleMVP */ = {
			isa = PBXGroup;
			children = (
				9FE943A32D3AE1AF003E8D28 /* Services */,
				9FE943972D3AAA9A003E8D28 /* Modules */,
				9FE943962D3AAA55003E8D28 /* Routers */,
				9FE943782D3AA66C003E8D28 /* AppDelegate.swift */,
				9FE9437A2D3AA66C003E8D28 /* SceneDelegate.swift */,
				9FE9437E2D3AA66C003E8D28 /* Main.storyboard */,
				9FE943812D3AA66E003E8D28 /* Assets.xcassets */,
				9FE943832D3AA66E003E8D28 /* LaunchScreen.storyboard */,
				9FE943862D3AA66E003E8D28 /* Info.plist */,
			);
			path = sampleMVP;
			sourceTree = "<group>";
		};
		9FE943962D3AAA55003E8D28 /* Routers */ = {
			isa = PBXGroup;
			children = (
				9FE9438C2D3AA853003E8D28 /* AppRouter.swift */,
			);
			path = Routers;
			sourceTree = "<group>";
		};
		9FE943972D3AAA9A003E8D28 /* Modules */ = {
			isa = PBXGroup;
			children = (
				9FE9439F2D3ADE97003E8D28 /* Main */,
				9FE9439A2D3AABAC003E8D28 /* Login */,
			);
			path = Modules;
			sourceTree = "<group>";
		};
		9FE9439A2D3AABAC003E8D28 /* Login */ = {
			isa = PBXGroup;
			children = (
				9FE943902D3AA924003E8D28 /* LoginRouter.swift */,
				9FE943942D3AA99A003E8D28 /* LoginModuleFactory.swift */,
				9FE9439B2D3AABD5003E8D28 /* LoginPresenter.swift */,
				9FE9439D2D3AAF23003E8D28 /* LoginViewController.swift */,
			);
			path = Login;
			sourceTree = "<group>";
		};
		9FE9439F2D3ADE97003E8D28 /* Main */ = {
			isa = PBXGroup;
			children = (
				9FE943982D3AAACB003E8D28 /* MainModuleFactory.swift */,
				9FE943A02D3ADEB8003E8D28 /* MainPresenter.swift */,
				9FE9437C2D3AA66C003E8D28 /* MainViewController.swift */,
				9FE943922D3AA95A003E8D28 /* MainRouter.swift */,
			);
			path = Main;
			sourceTree = "<group>";
		};
		9FE943A32D3AE1AF003E8D28 /* Services */ = {
			isa = PBXGroup;
			children = (
				9FE9438E2D3AA88D003E8D28 /* AuthService.swift */,
			);
			path = Services;
			sourceTree = "<group>";
		};
/* End PBXGroup section */

/* Begin PBXNativeTarget section */
		9FE943742D3AA66C003E8D28 /* sampleMVP */ = {
			isa = PBXNativeTarget;
			buildConfigurationList = 9FE943892D3AA66E003E8D28 /* Build configuration list for PBXNativeTarget "sampleMVP" */;
			buildPhases = (
				9FE943712D3AA66C003E8D28 /* Sources */,
				9FE943722D3AA66C003E8D28 /* Frameworks */,
				9FE943732D3AA66C003E8D28 /* Resources */,
			);
			buildRules = (
			);
			dependencies = (
			);
			name = sampleMVP;
			productName = sampleMVP;
			productReference = 9FE943752D3AA66C003E8D28 /* sampleMVP.app */;
			productType = "com.apple.product-type.application";
		};
/* End PBXNativeTarget section */

/* Begin PBXProject section */
		9FE9436D2D3AA66C003E8D28 /* Project object */ = {
			isa = PBXProject;
			attributes = {
				BuildIndependentTargetsInParallel = 1;
				LastSwiftUpdateCheck = 1540;
				LastUpgradeCheck = 1540;
				TargetAttributes = {
					9FE943742D3AA66C003E8D28 = {
						CreatedOnToolsVersion = 15.4;
					};
				};
			};
			buildConfigurationList = 9FE943702D3AA66C003E8D28 /* Build configuration list for PBXProject "sampleMVP" */;
			compatibilityVersion = "Xcode 14.0";
			developmentRegion = en;
			hasScannedForEncodings = 0;
			knownRegions = (
				en,
				Base,
			);
			mainGroup = 9FE9436C2D3AA66C003E8D28;
			productRefGroup = 9FE943762D3AA66C003E8D28 /* Products */;
			projectDirPath = "";
			projectRoot = "";
			targets = (
				9FE943742D3AA66C003E8D28 /* sampleMVP */,
			);
		};
/* End PBXProject section */

/* Begin PBXResourcesBuildPhase section */
		9FE943732D3AA66C003E8D28 /* Resources */ = {
			isa = PBXResourcesBuildPhase;
			buildActionMask = 2147483647;
			files = (
				9FE943822D3AA66E003E8D28 /* Assets.xcassets in Resources */,
				9FE943852D3AA66E003E8D28 /* Base in Resources */,
				9FE943802D3AA66C003E8D28 /* Base in Resources */,
			);
			runOnlyForDeploymentPostprocessing = 0;
		};
/* End PBXResourcesBuildPhase section */

/* Begin PBXSourcesBuildPhase section */
		9FE943712D3AA66C003E8D28 /* Sources */ = {
			isa = PBXSourcesBuildPhase;
			buildActionMask = 2147483647;
			files = (
				9FE9438D2D3AA853003E8D28 /* AppRouter.swift in Sources */,
				9FE943932D3AA95A003E8D28 /* MainRouter.swift in Sources */,
				9FE9437D2D3AA66C003E8D28 /* MainViewController.swift in Sources */,
				9FE943952D3AA99A003E8D28 /* LoginModuleFactory.swift in Sources */,
				9FE9439C2D3AABD5003E8D28 /* LoginPresenter.swift in Sources */,
				9FE943912D3AA924003E8D28 /* LoginRouter.swift in Sources */,
				9FE9438F2D3AA88D003E8D28 /* AuthService.swift in Sources */,
				9FE943A12D3ADEB8003E8D28 /* MainPresenter.swift in Sources */,
				9FE943792D3AA66C003E8D28 /* AppDelegate.swift in Sources */,
				9FE943992D3AAACB003E8D28 /* MainModuleFactory.swift in Sources */,
				9FE9437B2D3AA66C003E8D28 /* SceneDelegate.swift in Sources */,
				9FE9439E2D3AAF23003E8D28 /* LoginViewController.swift in Sources */,
			);
			runOnlyForDeploymentPostprocessing = 0;
		};
/* End PBXSourcesBuildPhase section */

/* Begin PBXVariantGroup section */
		9FE9437E2D3AA66C003E8D28 /* Main.storyboard */ = {
			isa = PBXVariantGroup;
			children = (
				9FE9437F2D3AA66C003E8D28 /* Base */,
			);
			name = Main.storyboard;
			sourceTree = "<group>";
		};
		9FE943832D3AA66E003E8D28 /* LaunchScreen.storyboard */ = {
			isa = PBXVariantGroup;
			children = (
				9FE943842D3AA66E003E8D28 /* Base */,
			);
			name = LaunchScreen.storyboard;
			sourceTree = "<group>";
		};
/* End PBXVariantGroup section */

/* Begin XCBuildConfiguration section */
		9FE943872D3AA66E003E8D28 /* Debug */ = {
			isa = XCBuildConfiguration;
			buildSettings = {
				ALWAYS_SEARCH_USER_PATHS = NO;
				ASSETCATALOG_COMPILER_GENERATE_SWIFT_ASSET_SYMBOL_EXTENSIONS = YES;
				CLANG_ANALYZER_NONNULL = YES;
				CLANG_ANALYZER_NUMBER_OBJECT_CONVERSION = YES_AGGRESSIVE;
				CLANG_CXX_LANGUAGE_STANDARD = "gnu++20";
				CLANG_ENABLE_MODULES = YES;
				CLANG_ENABLE_OBJC_ARC = YES;
				CLANG_ENABLE_OBJC_WEAK = YES;
				CLANG_WARN_BLOCK_CAPTURE_AUTORELEASING = YES;
				CLANG_WARN_BOOL_CONVERSION = YES;
				CLANG_WARN_COMMA = YES;
				CLANG_WARN_CONSTANT_CONVERSION = YES;
				CLANG_WARN_DEPRECATED_OBJC_IMPLEMENTATIONS = YES;
				CLANG_WARN_DIRECT_OBJC_ISA_USAGE = YES_ERROR;
				CLANG_WARN_DOCUMENTATION_COMMENTS = YES;
				CLANG_WARN_EMPTY_BODY = YES;
				CLANG_WARN_ENUM_CONVERSION = YES;
				CLANG_WARN_INFINITE_RECURSION = YES;
				CLANG_WARN_INT_CONVERSION = YES;
				CLANG_WARN_NON_LITERAL_NULL_CONVERSION = YES;
				CLANG_WARN_OBJC_IMPLICIT_RETAIN_SELF = YES;
				CLANG_WARN_OBJC_LITERAL_CONVERSION = YES;
				CLANG_WARN_OBJC_ROOT_CLASS = YES_ERROR;
				CLANG_WARN_QUOTED_INCLUDE_IN_FRAMEWORK_HEADER = YES;
				CLANG_WARN_RANGE_LOOP_ANALYSIS = YES;
				CLANG_WARN_STRICT_PROTOTYPES = YES;
				CLANG_WARN_SUSPICIOUS_MOVE = YES;
				CLANG_WARN_UNGUARDED_AVAILABILITY = YES_AGGRESSIVE;
				CLANG_WARN_UNREACHABLE_CODE = YES;
				CLANG_WARN__DUPLICATE_METHOD_MATCH = YES;
				COPY_PHASE_STRIP = NO;
				DEBUG_INFORMATION_FORMAT = dwarf;
				ENABLE_STRICT_OBJC_MSGSEND = YES;
				ENABLE_TESTABILITY = YES;
				ENABLE_USER_SCRIPT_SANDBOXING = YES;
				GCC_C_LANGUAGE_STANDARD = gnu17;
				GCC_DYNAMIC_NO_PIC = NO;
				GCC_NO_COMMON_BLOCKS = YES;
				GCC_OPTIMIZATION_LEVEL = 0;
				GCC_PREPROCESSOR_DEFINITIONS = (
					"DEBUG=1",
					"$(inherited)",
				);
				GCC_WARN_64_TO_32_BIT_CONVERSION = YES;
				GCC_WARN_ABOUT_RETURN_TYPE = YES_ERROR;
				GCC_WARN_UNDECLARED_SELECTOR = YES;
				GCC_WARN_UNINITIALIZED_AUTOS = YES_AGGRESSIVE;
				GCC_WARN_UNUSED_FUNCTION = YES;
				GCC_WARN_UNUSED_VARIABLE = YES;
				IPHONEOS_DEPLOYMENT_TARGET = 17.5;
				LOCALIZATION_PREFERS_STRING_CATALOGS = YES;
				MTL_ENABLE_DEBUG_INFO = INCLUDE_SOURCE;
				MTL_FAST_MATH = YES;
				ONLY_ACTIVE_ARCH = YES;
				SDKROOT = iphoneos;
				SWIFT_ACTIVE_COMPILATION_CONDITIONS = "DEBUG $(inherited)";
				SWIFT_OPTIMIZATION_LEVEL = "-Onone";
			};
			name = Debug;
		};
		9FE943882D3AA66E003E8D28 /* Release */ = {
			isa = XCBuildConfiguration;
			buildSettings = {
				ALWAYS_SEARCH_USER_PATHS = NO;
				ASSETCATALOG_COMPILER_GENERATE_SWIFT_ASSET_SYMBOL_EXTENSIONS = YES;
				CLANG_ANALYZER_NONNULL = YES;
				CLANG_ANALYZER_NUMBER_OBJECT_CONVERSION = YES_AGGRESSIVE;
				CLANG_CXX_LANGUAGE_STANDARD = "gnu++20";
				CLANG_ENABLE_MODULES = YES;
				CLANG_ENABLE_OBJC_ARC = YES;
				CLANG_ENABLE_OBJC_WEAK = YES;
				CLANG_WARN_BLOCK_CAPTURE_AUTORELEASING = YES;
				CLANG_WARN_BOOL_CONVERSION = YES;
				CLANG_WARN_COMMA = YES;
				CLANG_WARN_CONSTANT_CONVERSION = YES;
				CLANG_WARN_DEPRECATED_OBJC_IMPLEMENTATIONS = YES;
				CLANG_WARN_DIRECT_OBJC_ISA_USAGE = YES_ERROR;
				CLANG_WARN_DOCUMENTATION_COMMENTS = YES;
				CLANG_WARN_EMPTY_BODY = YES;
				CLANG_WARN_ENUM_CONVERSION = YES;
				CLANG_WARN_INFINITE_RECURSION = YES;
				CLANG_WARN_INT_CONVERSION = YES;
				CLANG_WARN_NON_LITERAL_NULL_CONVERSION = YES;
				CLANG_WARN_OBJC_IMPLICIT_RETAIN_SELF = YES;
				CLANG_WARN_OBJC_LITERAL_CONVERSION = YES;
				CLANG_WARN_OBJC_ROOT_CLASS = YES_ERROR;
				CLANG_WARN_QUOTED_INCLUDE_IN_FRAMEWORK_HEADER = YES;
				CLANG_WARN_RANGE_LOOP_ANALYSIS = YES;
				CLANG_WARN_STRICT_PROTOTYPES = YES;
				CLANG_WARN_SUSPICIOUS_MOVE = YES;
				CLANG_WARN_UNGUARDED_AVAILABILITY = YES_AGGRESSIVE;
				CLANG_WARN_UNREACHABLE_CODE = YES;
				CLANG_WARN__DUPLICATE_METHOD_MATCH = YES;
				COPY_PHASE_STRIP = NO;
				DEBUG_INFORMATION_FORMAT = "dwarf-with-dsym";
				ENABLE_NS_ASSERTIONS = NO;
				ENABLE_STRICT_OBJC_MSGSEND = YES;
				ENABLE_USER_SCRIPT_SANDBOXING = YES;
				GCC_C_LANGUAGE_STANDARD = gnu17;
				GCC_NO_COMMON_BLOCKS = YES;
				GCC_WARN_64_TO_32_BIT_CONVERSION = YES;
				GCC_WARN_ABOUT_RETURN_TYPE = YES_ERROR;
				GCC_WARN_UNDECLARED_SELECTOR = YES;
				GCC_WARN_UNINITIALIZED_AUTOS = YES_AGGRESSIVE;
				GCC_WARN_UNUSED_FUNCTION = YES;
				GCC_WARN_UNUSED_VARIABLE = YES;
				IPHONEOS_DEPLOYMENT_TARGET = 17.5;
				LOCALIZATION_PREFERS_STRING_CATALOGS = YES;
				MTL_ENABLE_DEBUG_INFO = NO;
				MTL_FAST_MATH = YES;
				SDKROOT = iphoneos;
				SWIFT_COMPILATION_MODE = wholemodule;
				VALIDATE_PRODUCT = YES;
			};
			name = Release;
		};
		9FE9438A2D3AA66E003E8D28 /* Debug */ = {
			isa = XCBuildConfiguration;
			buildSettings = {
				ASSETCATALOG_COMPILER_APPICON_NAME = AppIcon;
				ASSETCATALOG_COMPILER_GLOBAL_ACCENT_COLOR_NAME = AccentColor;
				CODE_SIGN_STYLE = Automatic;
				CURRENT_PROJECT_VERSION = 1;
				DEVELOPMENT_TEAM = 927J6SQJC7;
				GENERATE_INFOPLIST_FILE = YES;
				INFOPLIST_FILE = sampleMVP/Info.plist;
				INFOPLIST_KEY_UIApplicationSupportsIndirectInputEvents = YES;
				INFOPLIST_KEY_UILaunchStoryboardName = LaunchScreen;
				INFOPLIST_KEY_UIMainStoryboardFile = Main;
				INFOPLIST_KEY_UISupportedInterfaceOrientations_iPad = "UIInterfaceOrientationPortrait UIInterfaceOrientationPortraitUpsideDown UIInterfaceOrientationLandscapeLeft UIInterfaceOrientationLandscapeRight";
				INFOPLIST_KEY_UISupportedInterfaceOrientations_iPhone = "UIInterfaceOrientationPortrait UIInterfaceOrientationLandscapeLeft UIInterfaceOrientationLandscapeRight";
				LD_RUNPATH_SEARCH_PATHS = (
					"$(inherited)",
					"@executable_path/Frameworks",
				);
				MARKETING_VERSION = 1.0;
				PRODUCT_BUNDLE_IDENTIFIER = com.ofer.sampleMVP;
				PRODUCT_NAME = "$(TARGET_NAME)";
				SWIFT_EMIT_LOC_STRINGS = YES;
				SWIFT_VERSION = 5.0;
				TARGETED_DEVICE_FAMILY = "1,2";
			};
			name = Debug;
		};
		9FE9438B2D3AA66E003E8D28 /* Release */ = {
			isa = XCBuildConfiguration;
			buildSettings = {
				ASSETCATALOG_COMPILER_APPICON_NAME = AppIcon;
				ASSETCATALOG_COMPILER_GLOBAL_ACCENT_COLOR_NAME = AccentColor;
				CODE_SIGN_STYLE = Automatic;
				CURRENT_PROJECT_VERSION = 1;
				DEVELOPMENT_TEAM = 927J6SQJC7;
				GENERATE_INFOPLIST_FILE = YES;
				INFOPLIST_FILE = sampleMVP/Info.plist;
				INFOPLIST_KEY_UIApplicationSupportsIndirectInputEvents = YES;
				INFOPLIST_KEY_UILaunchStoryboardName = LaunchScreen;
				INFOPLIST_KEY_UIMainStoryboardFile = Main;
				INFOPLIST_KEY_UISupportedInterfaceOrientations_iPad = "UIInterfaceOrientationPortrait UIInterfaceOrientationPortraitUpsideDown UIInterfaceOrientationLandscapeLeft UIInterfaceOrientationLandscapeRight";
				INFOPLIST_KEY_UISupportedInterfaceOrientations_iPhone = "UIInterfaceOrientationPortrait UIInterfaceOrientationLandscapeLeft UIInterfaceOrientationLandscapeRight";
				LD_RUNPATH_SEARCH_PATHS = (
					"$(inherited)",
					"@executable_path/Frameworks",
				);
				MARKETING_VERSION = 1.0;
				PRODUCT_BUNDLE_IDENTIFIER = com.ofer.sampleMVP;
				PRODUCT_NAME = "$(TARGET_NAME)";
				SWIFT_EMIT_LOC_STRINGS = YES;
				SWIFT_VERSION = 5.0;
				TARGETED_DEVICE_FAMILY = "1,2";
			};
			name = Release;
		};
/* End XCBuildConfiguration section */

/* Begin XCConfigurationList section */
		9FE943702D3AA66C003E8D28 /* Build configuration list for PBXProject "sampleMVP" */ = {
			isa = XCConfigurationList;
			buildConfigurations = (
				9FE943872D3AA66E003E8D28 /* Debug */,
				9FE943882D3AA66E003E8D28 /* Release */,
			);
			defaultConfigurationIsVisible = 0;
			defaultConfigurationName = Release;
		};
		9FE943892D3AA66E003E8D28 /* Build configuration list for PBXNativeTarget "sampleMVP" */ = {
			isa = XCConfigurationList;
			buildConfigurations = (
				9FE9438A2D3AA66E003E8D28 /* Debug */,
				9FE9438B2D3AA66E003E8D28 /* Release */,
			);
			defaultConfigurationIsVisible = 0;
			defaultConfigurationName = Release;
		};
/* End XCConfigurationList section */
	};
	rootObject = 9FE9436D2D3AA66C003E8D28 /* Project object */;
}
